// !$*UTF8*$!
{
	archiveVersion = 1;
	classes = {
	};
	objectVersion = 56;
	objects = {

/* Begin PBXBuildFile section */
		234C43FF2C60F7240061DA30 /* CashFlowApp.swift in Sources */ = {isa = PBXBuildFile; fileRef = 234C43FE2C60F7240061DA30 /* CashFlowApp.swift */; };
		234C44012C60F7240061DA30 /* ContentView.swift in Sources */ = {isa = PBXBuildFile; fileRef = 234C44002C60F7240061DA30 /* ContentView.swift */; };
		234C44032C60F7250061DA30 /* Assets.xcassets in Resources */ = {isa = PBXBuildFile; fileRef = 234C44022C60F7250061DA30 /* Assets.xcassets */; };
		234C44062C60F7250061DA30 /* Preview Assets.xcassets in Resources */ = {isa = PBXBuildFile; fileRef = 234C44052C60F7250061DA30 /* Preview Assets.xcassets */; };
		234C440D2C6213F30061DA30 /* NewCategoryView.swift in Sources */ = {isa = PBXBuildFile; fileRef = 234C440C2C6213F30061DA30 /* NewCategoryView.swift */; };
		234C440F2C62427E0061DA30 /* FinancialViewModel.swift in Sources */ = {isa = PBXBuildFile; fileRef = 234C440E2C62427E0061DA30 /* FinancialViewModel.swift */; };
		234C44112C62429E0061DA30 /* LogoView.swift in Sources */ = {isa = PBXBuildFile; fileRef = 234C44102C62429E0061DA30 /* LogoView.swift */; };
		234C44142C6243240061DA30 /* Item.swift in Sources */ = {isa = PBXBuildFile; fileRef = 234C44132C6243240061DA30 /* Item.swift */; };
		234C44162C62434D0061DA30 /* FinancialEntry.swift in Sources */ = {isa = PBXBuildFile; fileRef = 234C44152C62434D0061DA30 /* FinancialEntry.swift */; };
		234C44182C62436B0061DA30 /* FinancialYear.swift in Sources */ = {isa = PBXBuildFile; fileRef = 234C44172C62436B0061DA30 /* FinancialYear.swift */; };
		234C441A2C6243990061DA30 /* YearDetailView.swift in Sources */ = {isa = PBXBuildFile; fileRef = 234C44192C6243990061DA30 /* YearDetailView.swift */; };
		234C441C2C6244250061DA30 /* DataManager.swift in Sources */ = {isa = PBXBuildFile; fileRef = 234C441B2C6244250061DA30 /* DataManager.swift */; };
/* End PBXBuildFile section */

/* Begin PBXFileReference section */
		234C43FB2C60F7240061DA30 /* CashFlow.app */ = {isa = PBXFileReference; explicitFileType = wrapper.application; includeInIndex = 0; path = CashFlow.app; sourceTree = BUILT_PRODUCTS_DIR; };
		234C43FE2C60F7240061DA30 /* CashFlowApp.swift */ = {isa = PBXFileReference; lastKnownFileType = sourcecode.swift; path = CashFlowApp.swift; sourceTree = "<group>"; };
		234C44002C60F7240061DA30 /* ContentView.swift */ = {isa = PBXFileReference; lastKnownFileType = sourcecode.swift; path = ContentView.swift; sourceTree = "<group>"; };
		234C44022C60F7250061DA30 /* Assets.xcassets */ = {isa = PBXFileReference; lastKnownFileType = folder.assetcatalog; path = Assets.xcassets; sourceTree = "<group>"; };
		234C44052C60F7250061DA30 /* Preview Assets.xcassets */ = {isa = PBXFileReference; lastKnownFileType = folder.assetcatalog; path = "Preview Assets.xcassets"; sourceTree = "<group>"; };
		234C440C2C6213F30061DA30 /* NewCategoryView.swift */ = {isa = PBXFileReference; lastKnownFileType = sourcecode.swift; path = NewCategoryView.swift; sourceTree = "<group>"; };
		234C440E2C62427E0061DA30 /* FinancialViewModel.swift */ = {isa = PBXFileReference; lastKnownFileType = sourcecode.swift; path = FinancialViewModel.swift; sourceTree = "<group>"; };
		234C44102C62429E0061DA30 /* LogoView.swift */ = {isa = PBXFileReference; lastKnownFileType = sourcecode.swift; path = LogoView.swift; sourceTree = "<group>"; };
		234C44132C6243240061DA30 /* Item.swift */ = {isa = PBXFileReference; lastKnownFileType = sourcecode.swift; path = Item.swift; sourceTree = "<group>"; };
		234C44152C62434D0061DA30 /* FinancialEntry.swift */ = {isa = PBXFileReference; lastKnownFileType = sourcecode.swift; path = FinancialEntry.swift; sourceTree = "<group>"; };
		234C44172C62436B0061DA30 /* FinancialYear.swift */ = {isa = PBXFileReference; lastKnownFileType = sourcecode.swift; path = FinancialYear.swift; sourceTree = "<group>"; };
		234C44192C6243990061DA30 /* YearDetailView.swift */ = {isa = PBXFileReference; lastKnownFileType = sourcecode.swift; path = YearDetailView.swift; sourceTree = "<group>"; };
		234C441B2C6244250061DA30 /* DataManager.swift */ = {isa = PBXFileReference; lastKnownFileType = sourcecode.swift; path = DataManager.swift; sourceTree = "<group>"; };
/* End PBXFileReference section */

/* Begin PBXFrameworksBuildPhase section */
		234C43F82C60F7240061DA30 /* Frameworks */ = {
			isa = PBXFrameworksBuildPhase;
			buildActionMask = 2147483647;
			files = (
			);
			runOnlyForDeploymentPostprocessing = 0;
		};
/* End PBXFrameworksBuildPhase section */

/* Begin PBXGroup section */
		234C43F22C60F7240061DA30 = {
			isa = PBXGroup;
			children = (
				234C43FD2C60F7240061DA30 /* CashFlow */,
				234C43FC2C60F7240061DA30 /* Products */,
			);
			sourceTree = "<group>";
		};
		234C43FC2C60F7240061DA30 /* Products */ = {
			isa = PBXGroup;
			children = (
				234C43FB2C60F7240061DA30 /* CashFlow.app */,
			);
			name = Products;
			sourceTree = "<group>";
		};
		234C43FD2C60F7240061DA30 /* CashFlow */ = {
			isa = PBXGroup;
			children = (
				234C44122C6243130061DA30 /* Model */,
				234C43FE2C60F7240061DA30 /* CashFlowApp.swift */,
				234C44002C60F7240061DA30 /* ContentView.swift */,
				234C44022C60F7250061DA30 /* Assets.xcassets */,
				234C44042C60F7250061DA30 /* Preview Content */,
				234C440C2C6213F30061DA30 /* NewCategoryView.swift */,
				234C440E2C62427E0061DA30 /* FinancialViewModel.swift */,
				234C44102C62429E0061DA30 /* LogoView.swift */,
				234C44192C6243990061DA30 /* YearDetailView.swift */,
			);
			path = CashFlow;
			sourceTree = "<group>";
		};
		234C44042C60F7250061DA30 /* Preview Content */ = {
			isa = PBXGroup;
			children = (
				234C44052C60F7250061DA30 /* Preview Assets.xcassets */,
			);
			path = "Preview Content";
			sourceTree = "<group>";
		};
		234C44122C6243130061DA30 /* Model */ = {
			isa = PBXGroup;
			children = (
				234C44132C6243240061DA30 /* Item.swift */,
				234C44152C62434D0061DA30 /* FinancialEntry.swift */,
				234C44172C62436B0061DA30 /* FinancialYear.swift */,
				234C441B2C6244250061DA30 /* DataManager.swift */,
			);
			path = Model;
			sourceTree = "<group>";
		};
/* End PBXGroup section */

/* Begin PBXNativeTarget section */
		234C43FA2C60F7240061DA30 /* CashFlow */ = {
			isa = PBXNativeTarget;
			buildConfigurationList = 234C44092C60F7250061DA30 /* Build configuration list for PBXNativeTarget "CashFlow" */;
			buildPhases = (
				234C43F72C60F7240061DA30 /* Sources */,
				234C43F82C60F7240061DA30 /* Frameworks */,
				234C43F92C60F7240061DA30 /* Resources */,
			);
			buildRules = (
			);
			dependencies = (
			);
			name = CashFlow;
			productName = CashFlow;
			productReference = 234C43FB2C60F7240061DA30 /* CashFlow.app */;
			productType = "com.apple.product-type.application";
		};
/* End PBXNativeTarget section */

/* Begin PBXProject section */
		234C43F32C60F7240061DA30 /* Project object */ = {
			isa = PBXProject;
			attributes = {
				BuildIndependentTargetsInParallel = 1;
				LastSwiftUpdateCheck = 1540;
				LastUpgradeCheck = 1540;
				TargetAttributes = {
					234C43FA2C60F7240061DA30 = {
						CreatedOnToolsVersion = 15.4;
					};
				};
			};
			buildConfigurationList = 234C43F62C60F7240061DA30 /* Build configuration list for PBXProject "CashFlow" */;
			compatibilityVersion = "Xcode 14.0";
			developmentRegion = en;
			hasScannedForEncodings = 0;
			knownRegions = (
				en,
				Base,
			);
			mainGroup = 234C43F22C60F7240061DA30;
			productRefGroup = 234C43FC2C60F7240061DA30 /* Products */;
			projectDirPath = "";
			projectRoot = "";
			targets = (
				234C43FA2C60F7240061DA30 /* CashFlow */,
			);
		};
/* End PBXProject section */

/* Begin PBXResourcesBuildPhase section */
		234C43F92C60F7240061DA30 /* Resources */ = {
			isa = PBXResourcesBuildPhase;
			buildActionMask = 2147483647;
			files = (
				234C44062C60F7250061DA30 /* Preview Assets.xcassets in Resources */,
				234C44032C60F7250061DA30 /* Assets.xcassets in Resources */,
			);
			runOnlyForDeploymentPostprocessing = 0;
		};
/* End PBXResourcesBuildPhase section */

/* Begin PBXSourcesBuildPhase section */
		234C43F72C60F7240061DA30 /* Sources */ = {
			isa = PBXSourcesBuildPhase;
			buildActionMask = 2147483647;
			files = (
				234C44112C62429E0061DA30 /* LogoView.swift in Sources */,
				234C441C2C6244250061DA30 /* DataManager.swift in Sources */,
				234C44162C62434D0061DA30 /* FinancialEntry.swift in Sources */,
				234C440F2C62427E0061DA30 /* FinancialViewModel.swift in Sources */,
				234C44012C60F7240061DA30 /* ContentView.swift in Sources */,
				234C44182C62436B0061DA30 /* FinancialYear.swift in Sources */,
				234C43FF2C60F7240061DA30 /* CashFlowApp.swift in Sources */,
				234C441A2C6243990061DA30 /* YearDetailView.swift in Sources */,
				234C44142C6243240061DA30 /* Item.swift in Sources */,
				234C440D2C6213F30061DA30 /* NewCategoryView.swift in Sources */,
			);
			runOnlyForDeploymentPostprocessing = 0;
		};
/* End PBXSourcesBuildPhase section */

/* Begin XCBuildConfiguration section */
		234C44072C60F7250061DA30 /* Debug */ = {
			isa = XCBuildConfiguration;
			buildSettings = {
				ALWAYS_SEARCH_USER_PATHS = NO;
				ASSETCATALOG_COMPILER_GENERATE_SWIFT_ASSET_SYMBOL_EXTENSIONS = YES;
				CLANG_ANALYZER_NONNULL = YES;
				CLANG_ANALYZER_NUMBER_OBJECT_CONVERSION = YES_AGGRESSIVE;
				CLANG_CXX_LANGUAGE_STANDARD = "gnu++20";
				CLANG_ENABLE_MODULES = YES;
				CLANG_ENABLE_OBJC_ARC = YES;
				CLANG_ENABLE_OBJC_WEAK = YES;
				CLANG_WARN_BLOCK_CAPTURE_AUTORELEASING = YES;
				CLANG_WARN_BOOL_CONVERSION = YES;
				CLANG_WARN_COMMA = YES;
				CLANG_WARN_CONSTANT_CONVERSION = YES;
				CLANG_WARN_DEPRECATED_OBJC_IMPLEMENTATIONS = YES;
				CLANG_WARN_DIRECT_OBJC_ISA_USAGE = YES_ERROR;
				CLANG_WARN_DOCUMENTATION_COMMENTS = YES;
				CLANG_WARN_EMPTY_BODY = YES;
				CLANG_WARN_ENUM_CONVERSION = YES;
				CLANG_WARN_INFINITE_RECURSION = YES;
				CLANG_WARN_INT_CONVERSION = YES;
				CLANG_WARN_NON_LITERAL_NULL_CONVERSION = YES;
				CLANG_WARN_OBJC_IMPLICIT_RETAIN_SELF = YES;
				CLANG_WARN_OBJC_LITERAL_CONVERSION = YES;
				CLANG_WARN_OBJC_ROOT_CLASS = YES_ERROR;
				CLANG_WARN_QUOTED_INCLUDE_IN_FRAMEWORK_HEADER = YES;
				CLANG_WARN_RANGE_LOOP_ANALYSIS = YES;
				CLANG_WARN_STRICT_PROTOTYPES = YES;
				CLANG_WARN_SUSPICIOUS_MOVE = YES;
				CLANG_WARN_UNGUARDED_AVAILABILITY = YES_AGGRESSIVE;
				CLANG_WARN_UNREACHABLE_CODE = YES;
				CLANG_WARN__DUPLICATE_METHOD_MATCH = YES;
				COPY_PHASE_STRIP = NO;
				DEBUG_INFORMATION_FORMAT = dwarf;
				ENABLE_STRICT_OBJC_MSGSEND = YES;
				ENABLE_TESTABILITY = YES;
				ENABLE_USER_SCRIPT_SANDBOXING = YES;
				GCC_C_LANGUAGE_STANDARD = gnu17;
				GCC_DYNAMIC_NO_PIC = NO;
				GCC_NO_COMMON_BLOCKS = YES;
				GCC_OPTIMIZATION_LEVEL = 0;
				GCC_PREPROCESSOR_DEFINITIONS = (
					"DEBUG=1",
					"$(inherited)",
				);
				GCC_WARN_64_TO_32_BIT_CONVERSION = YES;
				GCC_WARN_ABOUT_RETURN_TYPE = YES_ERROR;
				GCC_WARN_UNDECLARED_SELECTOR = YES;
				GCC_WARN_UNINITIALIZED_AUTOS = YES_AGGRESSIVE;
				GCC_WARN_UNUSED_FUNCTION = YES;
				GCC_WARN_UNUSED_VARIABLE = YES;
				IPHONEOS_DEPLOYMENT_TARGET = 17.5;
				LOCALIZATION_PREFERS_STRING_CATALOGS = YES;
				MTL_ENABLE_DEBUG_INFO = INCLUDE_SOURCE;
				MTL_FAST_MATH = YES;
				ONLY_ACTIVE_ARCH = YES;
				SDKROOT = iphoneos;
				SWIFT_ACTIVE_COMPILATION_CONDITIONS = "DEBUG $(inherited)";
				SWIFT_OPTIMIZATION_LEVEL = "-Onone";
			};
			name = Debug;
		};
		234C44082C60F7250061DA30 /* Release */ = {
			isa = XCBuildConfiguration;
			buildSettings = {
				ALWAYS_SEARCH_USER_PATHS = NO;
				ASSETCATALOG_COMPILER_GENERATE_SWIFT_ASSET_SYMBOL_EXTENSIONS = YES;
				CLANG_ANALYZER_NONNULL = YES;
				CLANG_ANALYZER_NUMBER_OBJECT_CONVERSION = YES_AGGRESSIVE;
				CLANG_CXX_LANGUAGE_STANDARD = "gnu++20";
				CLANG_ENABLE_MODULES = YES;
				CLANG_ENABLE_OBJC_ARC = YES;
				CLANG_ENABLE_OBJC_WEAK = YES;
				CLANG_WARN_BLOCK_CAPTURE_AUTORELEASING = YES;
				CLANG_WARN_BOOL_CONVERSION = YES;
				CLANG_WARN_COMMA = YES;
				CLANG_WARN_CONSTANT_CONVERSION = YES;
				CLANG_WARN_DEPRECATED_OBJC_IMPLEMENTATIONS = YES;
				CLANG_WARN_DIRECT_OBJC_ISA_USAGE = YES_ERROR;
				CLANG_WARN_DOCUMENTATION_COMMENTS = YES;
				CLANG_WARN_EMPTY_BODY = YES;
				CLANG_WARN_ENUM_CONVERSION = YES;
				CLANG_WARN_INFINITE_RECURSION = YES;
				CLANG_WARN_INT_CONVERSION = YES;
				CLANG_WARN_NON_LITERAL_NULL_CONVERSION = YES;
				CLANG_WARN_OBJC_IMPLICIT_RETAIN_SELF = YES;
				CLANG_WARN_OBJC_LITERAL_CONVERSION = YES;
				CLANG_WARN_OBJC_ROOT_CLASS = YES_ERROR;
				CLANG_WARN_QUOTED_INCLUDE_IN_FRAMEWORK_HEADER = YES;
				CLANG_WARN_RANGE_LOOP_ANALYSIS = YES;
				CLANG_WARN_STRICT_PROTOTYPES = YES;
				CLANG_WARN_SUSPICIOUS_MOVE = YES;
				CLANG_WARN_UNGUARDED_AVAILABILITY = YES_AGGRESSIVE;
				CLANG_WARN_UNREACHABLE_CODE = YES;
				CLANG_WARN__DUPLICATE_METHOD_MATCH = YES;
				COPY_PHASE_STRIP = NO;
				DEBUG_INFORMATION_FORMAT = "dwarf-with-dsym";
				ENABLE_NS_ASSERTIONS = NO;
				ENABLE_STRICT_OBJC_MSGSEND = YES;
				ENABLE_USER_SCRIPT_SANDBOXING = YES;
				GCC_C_LANGUAGE_STANDARD = gnu17;
				GCC_NO_COMMON_BLOCKS = YES;
				GCC_WARN_64_TO_32_BIT_CONVERSION = YES;
				GCC_WARN_ABOUT_RETURN_TYPE = YES_ERROR;
				GCC_WARN_UNDECLARED_SELECTOR = YES;
				GCC_WARN_UNINITIALIZED_AUTOS = YES_AGGRESSIVE;
				GCC_WARN_UNUSED_FUNCTION = YES;
				GCC_WARN_UNUSED_VARIABLE = YES;
				IPHONEOS_DEPLOYMENT_TARGET = 17.5;
				LOCALIZATION_PREFERS_STRING_CATALOGS = YES;
				MTL_ENABLE_DEBUG_INFO = NO;
				MTL_FAST_MATH = YES;
				SDKROOT = iphoneos;
				SWIFT_COMPILATION_MODE = wholemodule;
				VALIDATE_PRODUCT = YES;
			};
			name = Release;
		};
		234C440A2C60F7250061DA30 /* Debug */ = {
			isa = XCBuildConfiguration;
			buildSettings = {
				ASSETCATALOG_COMPILER_APPICON_NAME = AppIcon;
				ASSETCATALOG_COMPILER_GLOBAL_ACCENT_COLOR_NAME = AccentColor;
				CODE_SIGN_STYLE = Automatic;
				CURRENT_PROJECT_VERSION = 1;
				DEVELOPMENT_ASSET_PATHS = "\"CashFlow/Preview Content\"";
				DEVELOPMENT_TEAM = 2AAK35KYGQ;
				ENABLE_PREVIEWS = YES;
				GENERATE_INFOPLIST_FILE = YES;
				INFOPLIST_KEY_UIApplicationSceneManifest_Generation = YES;
				INFOPLIST_KEY_UIApplicationSupportsIndirectInputEvents = YES;
				INFOPLIST_KEY_UILaunchScreen_Generation = YES;
				INFOPLIST_KEY_UISupportedInterfaceOrientations_iPad = "UIInterfaceOrientationPortrait UIInterfaceOrientationPortraitUpsideDown UIInterfaceOrientationLandscapeLeft UIInterfaceOrientationLandscapeRight";
				INFOPLIST_KEY_UISupportedInterfaceOrientations_iPhone = "UIInterfaceOrientationPortrait UIInterfaceOrientationLandscapeLeft UIInterfaceOrientationLandscapeRight";
				LD_RUNPATH_SEARCH_PATHS = (
					"$(inherited)",
					"@executable_path/Frameworks",
				);
				MARKETING_VERSION = 1.0;
				PRODUCT_BUNDLE_IDENTIFIER = com.loggiAntonio.CashFlow;
				PRODUCT_NAME = "$(TARGET_NAME)";
				SWIFT_EMIT_LOC_STRINGS = YES;
				SWIFT_VERSION = 5.0;
				TARGETED_DEVICE_FAMILY = "1,2";
			};
			name = Debug;
		};
		234C440B2C60F7250061DA30 /* Release */ = {
			isa = XCBuildConfiguration;
			buildSettings = {
				ASSETCATALOG_COMPILER_APPICON_NAME = AppIcon;
				ASSETCATALOG_COMPILER_GLOBAL_ACCENT_COLOR_NAME = AccentColor;
				CODE_SIGN_STYLE = Automatic;
				CURRENT_PROJECT_VERSION = 1;
				DEVELOPMENT_ASSET_PATHS = "\"CashFlow/Preview Content\"";
				DEVELOPMENT_TEAM = 2AAK35KYGQ;
				ENABLE_PREVIEWS = YES;
				GENERATE_INFOPLIST_FILE = YES;
				INFOPLIST_KEY_UIApplicationSceneManifest_Generation = YES;
				INFOPLIST_KEY_UIApplicationSupportsIndirectInputEvents = YES;
				INFOPLIST_KEY_UILaunchScreen_Generation = YES;
				INFOPLIST_KEY_UISupportedInterfaceOrientations_iPad = "UIInterfaceOrientationPortrait UIInterfaceOrientationPortraitUpsideDown UIInterfaceOrientationLandscapeLeft UIInterfaceOrientationLandscapeRight";
				INFOPLIST_KEY_UISupportedInterfaceOrientations_iPhone = "UIInterfaceOrientationPortrait UIInterfaceOrientationLandscapeLeft UIInterfaceOrientationLandscapeRight";
				LD_RUNPATH_SEARCH_PATHS = (
					"$(inherited)",
					"@executable_path/Frameworks",
				);
				MARKETING_VERSION = 1.0;
				PRODUCT_BUNDLE_IDENTIFIER = com.loggiAntonio.CashFlow;
				PRODUCT_NAME = "$(TARGET_NAME)";
				SWIFT_EMIT_LOC_STRINGS = YES;
				SWIFT_VERSION = 5.0;
				TARGETED_DEVICE_FAMILY = "1,2";
			};
			name = Release;
		};
/* End XCBuildConfiguration section */

/* Begin XCConfigurationList section */
		234C43F62C60F7240061DA30 /* Build configuration list for PBXProject "CashFlow" */ = {
			isa = XCConfigurationList;
			buildConfigurations = (
				234C44072C60F7250061DA30 /* Debug */,
				234C44082C60F7250061DA30 /* Release */,
			);
			defaultConfigurationIsVisible = 0;
			defaultConfigurationName = Release;
		};
		234C44092C60F7250061DA30 /* Build configuration list for PBXNativeTarget "CashFlow" */ = {
			isa = XCConfigurationList;
			buildConfigurations = (
				234C440A2C60F7250061DA30 /* Debug */,
				234C440B2C60F7250061DA30 /* Release */,
			);
			defaultConfigurationIsVisible = 0;
			defaultConfigurationName = Release;
		};
/* End XCConfigurationList section */
	};
	rootObject = 234C43F32C60F7240061DA30 /* Project object */;
}
